
Microsoft Visual Studio Solution File, Format Version 12.00
# Visual Studio Version 16
VisualStudioVersion = 16.0.30011.22
MinimumVisualStudioVersion = 10.0.40219.1
Project("{FAE04EC0-301F-11D3-BF4B-00C04F79EFBC}") = "FullscreenLockConv", "FullscreenLockConv\FullscreenLockConv.csproj", "{587EF0CE-1D2E-4111-9BE0-D31813AA6CB8}"
EndProject
Global
	GlobalSection(SolutionConfigurationPlatforms) = preSolution
		Debug|Any CPU = Debug|Any CPU
		Debug|x64 = Debug|x64
		Release|Any CPU = Release|Any CPU
		Release|x64 = Release|x64
	EndGlobalSection
	GlobalSection(ProjectConfigurationPlatforms) = postSolution
		{587EF0CE-1D2E-4111-9BE0-D31813AA6CB8}.Debug|Any CPU.ActiveCfg = Debug|Any CPU
		{587EF0CE-1D2E-4111-9BE0-D31813AA6CB8}.Debug|Any CPU.Build.0 = Debug|Any CPU
		{587EF0CE-1D2E-4111-9BE0-D31813AA6CB8}.Debug|x64.ActiveCfg = Debug|x64
		{587EF0CE-1D2E-4111-9BE0-D31813AA6CB8}.Debug|x64.Build.0 = Debug|x64
		{587EF0CE-1D2E-4111-9BE0-D31813AA6CB8}.Release|Any CPU.ActiveCfg = Release|Any CPU
		{587EF0CE-1D2E-4111-9BE0-D31813AA6CB8}.Release|Any CPU.Build.0 = Release|Any CPU
		{587EF0CE-1D2E-4111-9BE0-D31813AA6CB8}.Release|x64.ActiveCfg = Release|x64
		{587EF0CE-1D2E-4111-9BE0-D31813AA6CB8}.Release|x64.Build.0 = Release|x64
	EndGlobalSection
	GlobalSection(SolutionProperties) = preSolution
		HideSolutionNode = FALSE
	EndGlobalSection
	GlobalSection(ExtensibilityGlobals) = postSolution
		SolutionGuid = {2F2F6D95-F80F-43F9-820A-D437F94BC0DE}
	EndGlobalSection
EndGlobal
